
Microsoft Visual Studio Solution File, Format Version 12.00
# Visual Studio Version 17
VisualStudioVersion = 17.7.34031.279
MinimumVisualStudioVersion = 10.0.40219.1
Project("{FAE04EC0-301F-11D3-BF4B-00C04F79EFBC}") = "meta", "meta\meta.csproj", "{BFD6AD3D-B882-4BFE-8F9F-A48450C86471}"
EndProject
Global
	GlobalSection(SolutionConfigurationPlatforms) = preSolution
		Debug|Any CPU = Debug|Any CPU
		Release|Any CPU = Release|Any CPU
	EndGlobalSection
	GlobalSection(ProjectConfigurationPlatforms) = postSolution
		{BFD6AD3D-B882-4BFE-8F9F-A48450C86471}.Debug|Any CPU.ActiveCfg = Debug|Any CPU
		{BFD6AD3D-B882-4BFE-8F9F-A48450C86471}.Debug|Any CPU.Build.0 = Debug|Any CPU
		{BFD6AD3D-B882-4BFE-8F9F-A48450C86471}.Release|Any CPU.ActiveCfg = Release|Any CPU
		{BFD6AD3D-B882-4BFE-8F9F-A48450C86471}.Release|Any CPU.Build.0 = Release|Any CPU
	EndGlobalSection
	GlobalSection(SolutionProperties) = preSolution
		HideSolutionNode = FALSE
	EndGlobalSection
	GlobalSection(ExtensibilityGlobals) = postSolution
		SolutionGuid = {643BCEBB-7A0A-4D91-BC5D-E9EF125B405C}
	EndGlobalSection
EndGlobal
