
Microsoft Visual Studio Solution File, Format Version 12.00
# Visual Studio Version 17
VisualStudioVersion = 17.7.34031.279
MinimumVisualStudioVersion = 10.0.40219.1
Project("{9A19103F-16F7-4668-BE54-9A1E7A4F7556}") = "meta", "meta\meta.csproj", "{BFD6AD3D-B882-4BFE-8F9F-A48450C86471}"
EndProject
Project("{9A19103F-16F7-4668-BE54-9A1E7A4F7556}") = "1.Syntax", "Syntax\1.Syntax.csproj", "{0B0C3C19-CD04-4F2C-AB5C-94D45EB763BD}"
EndProject
Project("{9A19103F-16F7-4668-BE54-9A1E7A4F7556}") = "2.Output", "Output\2.Output.csproj", "{6EACF28B-B3CE-4117-98D3-E10B81097C2E}"
EndProject
Project("{9A19103F-16F7-4668-BE54-9A1E7A4F7556}") = "3.Variables", "Variables\3.Variables.csproj", "{B99B38BE-1B07-446B-95A7-73D3B5B7FB92}"
EndProject
Project("{FAE04EC0-301F-11D3-BF4B-00C04F79EFBC}") = "4.DataTypes", "DataTypes\4.DataTypes.csproj", "{C28EF8C3-4925-4B66-BB59-EA45B42DF6C3}"
EndProject
Project("{FAE04EC0-301F-11D3-BF4B-00C04F79EFBC}") = "5.TypeCasting", "TypeCasting\5.TypeCasting.csproj", "{F3509439-E67A-473D-8145-833EBA401AB3}"
EndProject
Project("{FAE04EC0-301F-11D3-BF4B-00C04F79EFBC}") = "6.UserInput", "UserInput\6.UserInput.csproj", "{DA8A9D33-DB75-4A03-BF04-71F8B9A91851}"
EndProject
Project("{FAE04EC0-301F-11D3-BF4B-00C04F79EFBC}") = "7.Operators", "Operators\7.Operators.csproj", "{26062F2F-1C83-4DD3-A6B8-B448FB69B99E}"
EndProject
Project("{FAE04EC0-301F-11D3-BF4B-00C04F79EFBC}") = "8.Math", "Math\8.Math.csproj", "{0348BE4F-E77D-4D6D-BFAE-E0AC89B6F602}"
EndProject
Global
	GlobalSection(SolutionConfigurationPlatforms) = preSolution
		Debug|Any CPU = Debug|Any CPU
		Release|Any CPU = Release|Any CPU
	EndGlobalSection
	GlobalSection(ProjectConfigurationPlatforms) = postSolution
		{BFD6AD3D-B882-4BFE-8F9F-A48450C86471}.Debug|Any CPU.ActiveCfg = Debug|Any CPU
		{BFD6AD3D-B882-4BFE-8F9F-A48450C86471}.Debug|Any CPU.Build.0 = Debug|Any CPU
		{BFD6AD3D-B882-4BFE-8F9F-A48450C86471}.Release|Any CPU.ActiveCfg = Release|Any CPU
		{BFD6AD3D-B882-4BFE-8F9F-A48450C86471}.Release|Any CPU.Build.0 = Release|Any CPU
		{0B0C3C19-CD04-4F2C-AB5C-94D45EB763BD}.Debug|Any CPU.ActiveCfg = Debug|Any CPU
		{0B0C3C19-CD04-4F2C-AB5C-94D45EB763BD}.Debug|Any CPU.Build.0 = Debug|Any CPU
		{0B0C3C19-CD04-4F2C-AB5C-94D45EB763BD}.Release|Any CPU.ActiveCfg = Release|Any CPU
		{0B0C3C19-CD04-4F2C-AB5C-94D45EB763BD}.Release|Any CPU.Build.0 = Release|Any CPU
		{6EACF28B-B3CE-4117-98D3-E10B81097C2E}.Debug|Any CPU.ActiveCfg = Debug|Any CPU
		{6EACF28B-B3CE-4117-98D3-E10B81097C2E}.Debug|Any CPU.Build.0 = Debug|Any CPU
		{6EACF28B-B3CE-4117-98D3-E10B81097C2E}.Release|Any CPU.ActiveCfg = Release|Any CPU
		{6EACF28B-B3CE-4117-98D3-E10B81097C2E}.Release|Any CPU.Build.0 = Release|Any CPU
		{B99B38BE-1B07-446B-95A7-73D3B5B7FB92}.Debug|Any CPU.ActiveCfg = Debug|Any CPU
		{B99B38BE-1B07-446B-95A7-73D3B5B7FB92}.Debug|Any CPU.Build.0 = Debug|Any CPU
		{B99B38BE-1B07-446B-95A7-73D3B5B7FB92}.Release|Any CPU.ActiveCfg = Release|Any CPU
		{B99B38BE-1B07-446B-95A7-73D3B5B7FB92}.Release|Any CPU.Build.0 = Release|Any CPU
		{C28EF8C3-4925-4B66-BB59-EA45B42DF6C3}.Debug|Any CPU.ActiveCfg = Debug|Any CPU
		{C28EF8C3-4925-4B66-BB59-EA45B42DF6C3}.Debug|Any CPU.Build.0 = Debug|Any CPU
		{C28EF8C3-4925-4B66-BB59-EA45B42DF6C3}.Release|Any CPU.ActiveCfg = Release|Any CPU
		{C28EF8C3-4925-4B66-BB59-EA45B42DF6C3}.Release|Any CPU.Build.0 = Release|Any CPU
		{F3509439-E67A-473D-8145-833EBA401AB3}.Debug|Any CPU.ActiveCfg = Debug|Any CPU
		{F3509439-E67A-473D-8145-833EBA401AB3}.Debug|Any CPU.Build.0 = Debug|Any CPU
		{F3509439-E67A-473D-8145-833EBA401AB3}.Release|Any CPU.ActiveCfg = Release|Any CPU
		{F3509439-E67A-473D-8145-833EBA401AB3}.Release|Any CPU.Build.0 = Release|Any CPU
		{DA8A9D33-DB75-4A03-BF04-71F8B9A91851}.Debug|Any CPU.ActiveCfg = Debug|Any CPU
		{DA8A9D33-DB75-4A03-BF04-71F8B9A91851}.Debug|Any CPU.Build.0 = Debug|Any CPU
		{DA8A9D33-DB75-4A03-BF04-71F8B9A91851}.Release|Any CPU.ActiveCfg = Release|Any CPU
		{DA8A9D33-DB75-4A03-BF04-71F8B9A91851}.Release|Any CPU.Build.0 = Release|Any CPU
		{26062F2F-1C83-4DD3-A6B8-B448FB69B99E}.Debug|Any CPU.ActiveCfg = Debug|Any CPU
		{26062F2F-1C83-4DD3-A6B8-B448FB69B99E}.Debug|Any CPU.Build.0 = Debug|Any CPU
		{26062F2F-1C83-4DD3-A6B8-B448FB69B99E}.Release|Any CPU.ActiveCfg = Release|Any CPU
		{26062F2F-1C83-4DD3-A6B8-B448FB69B99E}.Release|Any CPU.Build.0 = Release|Any CPU
		{0348BE4F-E77D-4D6D-BFAE-E0AC89B6F602}.Debug|Any CPU.ActiveCfg = Debug|Any CPU
		{0348BE4F-E77D-4D6D-BFAE-E0AC89B6F602}.Debug|Any CPU.Build.0 = Debug|Any CPU
		{0348BE4F-E77D-4D6D-BFAE-E0AC89B6F602}.Release|Any CPU.ActiveCfg = Release|Any CPU
		{0348BE4F-E77D-4D6D-BFAE-E0AC89B6F602}.Release|Any CPU.Build.0 = Release|Any CPU
	EndGlobalSection
	GlobalSection(SolutionProperties) = preSolution
		HideSolutionNode = FALSE
	EndGlobalSection
	GlobalSection(ExtensibilityGlobals) = postSolution
		SolutionGuid = {643BCEBB-7A0A-4D91-BC5D-E9EF125B405C}
	EndGlobalSection
EndGlobal
